appnope @ file:///home/conda/feedstock_root/build_artifacts/appnope_1733332318622/work
asttokens @ file:///home/conda/feedstock_root/build_artifacts/asttokens_1763409923949/work
attrs==26.1.0
beautifulsoup4==4.15.0
bleach==6.4.0
-e git+https://github.com/flavio-gualtieri/point-process-tda@270eb88c77664e60a5815e8350ab5c6396624579#egg=cloudforger
colorama @ file:///home/conda/feedstock_root/build_artifacts/colorama_1733218098505/work
comm @ file:///home/conda/feedstock_root/build_artifacts/bld/rattler-build_comm_1753453984/work
contourpy @ file:///Users/runner/miniforge3/conda-bld/bld/rattler-build_contourpy_1769156069/work
cycler @ file:///home/conda/feedstock_root/build_artifacts/bld/rattler-build_cycler_1764466758/work
Cython @ file:///Users/runner/miniforge3/conda-bld/cython_1767576800591/work
debugpy @ file:///Users/runner/miniforge3/conda-bld/bld/rattler-build_debugpy_1769745040/work
decorator @ file:///home/conda/feedstock_root/build_artifacts/decorator_1779115150916/work
defusedxml==0.7.1
Deprecated @ file:///home/conda/feedstock_root/build_artifacts/deprecated_1768934076236/work
exceptiongroup @ file:///home/conda/feedstock_root/build_artifacts/exceptiongroup_1763918002538/work
executing @ file:///home/conda/feedstock_root/build_artifacts/executing_1756729339227/work
fastjsonschema==2.21.2
filelock @ file:///home/conda/feedstock_root/build_artifacts/filelock_1776621385265/work
filtration_domination==0.1.0
fonttools @ file:///home/conda/feedstock_root/build_artifacts/fonttools_1778770239222/work
fsspec @ file:///home/conda/feedstock_root/build_artifacts/fsspec_1777547723461/work
gmpy2 @ file:///Users/runner/miniforge3/conda-bld/gmpy2_1773245048386/work
gudhi==3.12.0
hopcroftkarp==1.2.4
iniconfig @ file:///home/conda/feedstock_root/build_artifacts/iniconfig_1760831328738/work
ipykernel @ file:///Users/runner/miniforge3/conda-bld/bld/rattler-build_ipykernel_1770566135/work
ipython @ file:///home/conda/feedstock_root/build_artifacts/bld/rattler-build_ipython_1777038396/work
ipython_pygments_lexers @ file:///home/conda/feedstock_root/build_artifacts/ipython_pygments_lexers_1737123620466/work
jedi @ file:///home/conda/feedstock_root/build_artifacts/jedi_1733300866624/work
Jinja2 @ file:///home/conda/feedstock_root/build_artifacts/bld/rattler-build_jinja2_1764517220/work
joblib @ file:///home/conda/feedstock_root/build_artifacts/joblib_1765794027227/work
jsonschema==4.26.0
jsonschema-specifications==2025.9.1
jupyter_client @ file:///home/conda/feedstock_root/build_artifacts/bld/rattler-build_jupyter_client_1767954655/work
jupyter_core @ file:///home/conda/feedstock_root/build_artifacts/bld/rattler-build_jupyter_core_1760643864/work
jupyterlab_pygments==0.3.0
keopscore==2.3
kiwisolver @ file:///Users/runner/miniforge3/conda-bld/bld/rattler-build_kiwisolver_1773067285/work
MarkupSafe @ file:///Users/runner/miniforge3/conda-bld/markupsafe_1772445072585/work
matplotlib==3.10.9
matplotlib-inline @ file:///home/conda/feedstock_root/build_artifacts/matplotlib-inline_1778264321245/work
mistune==3.3.3
mpmath @ file:///home/conda/feedstock_root/build_artifacts/mpmath_1733302684489/work
multipers==2.6.1
munkres==1.1.4
nbclient==0.11.0
nbconvert==7.17.1
nbformat==5.10.4
nest_asyncio @ file:///home/conda/feedstock_root/build_artifacts/nest-asyncio_1733325553580/work
networkx @ file:///home/conda/feedstock_root/build_artifacts/bld/rattler-build_networkx_1765215107/work
numpy @ file:///Users/runner/miniforge3/conda-bld/bld/rattler-build_numpy_1778894368/work/dist/numpy-2.4.5-cp314-cp314-macosx_11_0_arm64.whl#sha256=04039e234853511485c57462ce91d7ef802255455d38ae3120b90edf769171cd
optree @ file:///Users/runner/miniforge3/conda-bld/optree_1778047813447/work
packaging @ file:///home/conda/feedstock_root/build_artifacts/bld/rattler-build_packaging_1777103621/work
pandas @ file:///Users/runner/miniforge3/conda-bld/bld/rattler-build_pandas_1778602917/work
pandocfilters==1.5.1
parso @ file:///home/conda/feedstock_root/build_artifacts/bld/rattler-build_parso_1777722955/work
persim @ file:///home/conda/feedstock_root/build_artifacts/persim_1741812919569/work
pexpect @ file:///home/conda/feedstock_root/build_artifacts/pexpect_1733301927746/work
pillow @ file:///Users/runner/miniforge3/conda-bld/bld/rattler-build_pillow_1775060469/work
platformdirs @ file:///home/conda/feedstock_root/build_artifacts/bld/rattler-build_platformdirs_1775741140/work
pluggy @ file:///home/conda/feedstock_root/build_artifacts/bld/rattler-build_pluggy_1764896838/work
POT==0.9.7.post1
prompt_toolkit @ file:///home/conda/feedstock_root/build_artifacts/prompt-toolkit_1756321756983/work
psutil @ file:///Users/runner/miniforge3/conda-bld/bld/rattler-build_psutil_1769678303/work
ptyprocess @ file:///home/conda/feedstock_root/build_artifacts/ptyprocess_1733302279685/work/dist/ptyprocess-0.7.0-py2.py3-none-any.whl#sha256=92c32ff62b5fd8cf325bec5ab90d7be3d2a8ca8c8a3813ff487a8d2002630d1f
pure_eval @ file:///home/conda/feedstock_root/build_artifacts/pure_eval_1733569405015/work
py @ file:///home/conda/feedstock_root/build_artifacts/py_1734003417641/work
py-spy==0.4.2
pybind11 @ file:///D:/bld/bld/rattler-build_pybind11_1755953378/work
pybind11-global @ file:///home/conda/feedstock_root/build_artifacts/bld/rattler-build_pybind11-global_1755953338/work
Pygments @ file:///home/conda/feedstock_root/build_artifacts/pygments_1774796700044/work
pykeops==2.3
pymupdf==1.28.2
pyparsing @ file:///home/conda/feedstock_root/build_artifacts/bld/rattler-build_pyparsing_1769003998/work
pytest @ file:///home/conda/feedstock_root/build_artifacts/bld/rattler-build_pytest_1775644472/work
python-dateutil @ file:///home/conda/feedstock_root/build_artifacts/bld/rattler-build_python-dateutil_1751104122/work
PyYAML @ file:///Users/runner/miniforge3/conda-bld/pyyaml_1770223347902/work
pyzmq @ file:///Users/runner/miniforge3/conda-bld/bld/rattler-build_pyzmq_1771717073/work
referencing==0.37.0
ripser @ file:///Users/runner/miniforge3/conda-bld/ripser_1767637345983/work
rpds-py==2026.6.3
scikit-learn @ file:///Users/runner/miniforge3/conda-bld/bld/rattler-build_scikit-learn_1766550871/work/dist/scikit_learn-1.8.0-cp314-cp314-macosx_11_0_arm64.whl#sha256=f97f0c5dee95bffcd8f6853f507cf27cddf27771a0ccf0eb0335633f369d040a
scipy @ file:///Users/runner/miniforge3/conda-bld/scipy-split_1771879289976/work/dist/scipy-1.17.1-cp314-cp314-macosx_11_0_arm64.whl#sha256=2d10eb95c840ff2757c8f78f99efb7faa4a08c1b63f4033caaafbf08b11135fb
setuptools==82.0.1
six @ file:///home/conda/feedstock_root/build_artifacts/bld/rattler-build_six_1753199211/work
soupsieve==2.9
stack_data @ file:///home/conda/feedstock_root/build_artifacts/stack_data_1733569443808/work
sympy @ file:///home/conda/feedstock_root/build_artifacts/sympy_1771952240620/work
tabulate @ file:///home/conda/feedstock_root/build_artifacts/bld/rattler-build_tabulate_1772732795/work
threadpoolctl @ file:///home/conda/feedstock_root/build_artifacts/threadpoolctl_1741878222898/work
tinycss2==1.5.1
tomli @ file:///home/conda/feedstock_root/build_artifacts/bld/rattler-build_tomli_1774492402/work
torch @ file:///Users/runner/miniforge3/conda-bld/libtorch_1779112954888/work
tornado @ file:///Users/runner/miniforge3/conda-bld/tornado_1774358305578/work
tqdm==4.70.0
traitlets @ file:///home/conda/feedstock_root/build_artifacts/bld/rattler-build_traitlets_1778074251/work
typing_extensions @ file:///home/conda/feedstock_root/build_artifacts/bld/rattler-build_typing_extensions_1756220668/work
unicodedata2 @ file:///Users/runner/miniforge3/conda-bld/unicodedata2_1770909177692/work
wcwidth @ file:///home/conda/feedstock_root/build_artifacts/wcwidth_1777744409267/work
webencodings==0.5.1
wrapt @ file:///Users/runner/miniforge3/conda-bld/wrapt_1779359197518/work
